
Microsoft Visual Studio Solution File, Format Version 12.00
# Visual Studio Version 17
VisualStudioVersion = 17.5.33516.290
MinimumVisualStudioVersion = 10.0.40219.1
Project("{FAE04EC0-301F-11D3-BF4B-00C04F79EFBC}") = "exos20230509", "exos20230509\exos20230509.csproj", "{BEFB25B4-5228-4394-9255-9AB19CCC64A4}"
EndProject
Project("{FAE04EC0-301F-11D3-BF4B-00C04F79EFBC}") = "exos_20230509_tableaux", "exos_20230509_tableaux\exos_20230509_tableaux.csproj", "{1F8E9C85-B454-4442-8580-2ED5878E5535}"
EndProject
Global
	GlobalSection(SolutionConfigurationPlatforms) = preSolution
		Debug|Any CPU = Debug|Any CPU
		Release|Any CPU = Release|Any CPU
	EndGlobalSection
	GlobalSection(ProjectConfigurationPlatforms) = postSolution
		{BEFB25B4-5228-4394-9255-9AB19CCC64A4}.Debug|Any CPU.ActiveCfg = Debug|Any CPU
		{BEFB25B4-5228-4394-9255-9AB19CCC64A4}.Debug|Any CPU.Build.0 = Debug|Any CPU
		{BEFB25B4-5228-4394-9255-9AB19CCC64A4}.Release|Any CPU.ActiveCfg = Release|Any CPU
		{BEFB25B4-5228-4394-9255-9AB19CCC64A4}.Release|Any CPU.Build.0 = Release|Any CPU
		{1F8E9C85-B454-4442-8580-2ED5878E5535}.Debug|Any CPU.ActiveCfg = Debug|Any CPU
		{1F8E9C85-B454-4442-8580-2ED5878E5535}.Debug|Any CPU.Build.0 = Debug|Any CPU
		{1F8E9C85-B454-4442-8580-2ED5878E5535}.Release|Any CPU.ActiveCfg = Release|Any CPU
		{1F8E9C85-B454-4442-8580-2ED5878E5535}.Release|Any CPU.Build.0 = Release|Any CPU
	EndGlobalSection
	GlobalSection(SolutionProperties) = preSolution
		HideSolutionNode = FALSE
	EndGlobalSection
	GlobalSection(ExtensibilityGlobals) = postSolution
		SolutionGuid = {BC865B79-4E8B-4DD9-89A9-5F11F8E4440B}
	EndGlobalSection
EndGlobal
